// !$*UTF8*$!
{
	archiveVersion = 1;
	classes = {
	};
	objectVersion = 55;
	objects = {

/* Begin PBXBuildFile section */
		39327EC32A8B97FB0067F9ED /* AppDelegate.swift in Sources */ = {isa = PBXBuildFile; fileRef = 39327EC22A8B97FB0067F9ED /* AppDelegate.swift */; };
		39327EC92A8B97FB0067F9ED /* GameScene.swift in Sources */ = {isa = PBXBuildFile; fileRef = 39327EC82A8B97FB0067F9ED /* GameScene.swift */; };
		39327ECB2A8B97FB0067F9ED /* GameViewController.swift in Sources */ = {isa = PBXBuildFile; fileRef = 39327ECA2A8B97FB0067F9ED /* GameViewController.swift */; };
		39327ED02A8B97FF0067F9ED /* Assets.xcassets in Resources */ = {isa = PBXBuildFile; fileRef = 39327ECF2A8B97FF0067F9ED /* Assets.xcassets */; };
		39327EDA2A8B98C50067F9ED /* WelcomeViewController.swift in Sources */ = {isa = PBXBuildFile; fileRef = 39327ED92A8B98C50067F9ED /* WelcomeViewController.swift */; };
		39327EDC2A8B9B550067F9ED /* Starfield.sks in Resources */ = {isa = PBXBuildFile; fileRef = 39327EDB2A8B9B550067F9ED /* Starfield.sks */; };
		39327EE02A8CC4060067F9ED /* ScoreTableViewController.swift in Sources */ = {isa = PBXBuildFile; fileRef = 39327EDF2A8CC4060067F9ED /* ScoreTableViewController.swift */; };
		39327EE22A8CC4440067F9ED /* ScoreTableViewCell.swift in Sources */ = {isa = PBXBuildFile; fileRef = 39327EE12A8CC4440067F9ED /* ScoreTableViewCell.swift */; };
		39327EE42A8CC45D0067F9ED /* ScoreModel.swift in Sources */ = {isa = PBXBuildFile; fileRef = 39327EE32A8CC45D0067F9ED /* ScoreModel.swift */; };
		39327EE62A8CC9D70067F9ED /* SettigsViewController.swift in Sources */ = {isa = PBXBuildFile; fileRef = 39327EE52A8CC9D70067F9ED /* SettigsViewController.swift */; };
		39327F102A8E3DF20067F9ED /* CollectionViewCell.swift in Sources */ = {isa = PBXBuildFile; fileRef = 39327F0F2A8E3DF20067F9ED /* CollectionViewCell.swift */; };
/* End PBXBuildFile section */

/* Begin PBXFileReference section */
		39327EBF2A8B97FB0067F9ED /* SpaceShipGameUIKit.app */ = {isa = PBXFileReference; explicitFileType = wrapper.application; includeInIndex = 0; path = SpaceShipGameUIKit.app; sourceTree = BUILT_PRODUCTS_DIR; };
		39327EC22A8B97FB0067F9ED /* AppDelegate.swift */ = {isa = PBXFileReference; lastKnownFileType = sourcecode.swift; path = AppDelegate.swift; sourceTree = "<group>"; };
		39327EC82A8B97FB0067F9ED /* GameScene.swift */ = {isa = PBXFileReference; lastKnownFileType = sourcecode.swift; path = GameScene.swift; sourceTree = "<group>"; };
		39327ECA2A8B97FB0067F9ED /* GameViewController.swift */ = {isa = PBXFileReference; lastKnownFileType = sourcecode.swift; path = GameViewController.swift; sourceTree = "<group>"; };
		39327ECF2A8B97FF0067F9ED /* Assets.xcassets */ = {isa = PBXFileReference; lastKnownFileType = folder.assetcatalog; path = Assets.xcassets; sourceTree = "<group>"; };
		39327ED92A8B98C50067F9ED /* WelcomeViewController.swift */ = {isa = PBXFileReference; lastKnownFileType = sourcecode.swift; path = WelcomeViewController.swift; sourceTree = "<group>"; };
		39327EDB2A8B9B550067F9ED /* Starfield.sks */ = {isa = PBXFileReference; lastKnownFileType = file.sks; path = Starfield.sks; sourceTree = "<group>"; };
		39327EDF2A8CC4060067F9ED /* ScoreTableViewController.swift */ = {isa = PBXFileReference; lastKnownFileType = sourcecode.swift; path = ScoreTableViewController.swift; sourceTree = "<group>"; };
		39327EE12A8CC4440067F9ED /* ScoreTableViewCell.swift */ = {isa = PBXFileReference; lastKnownFileType = sourcecode.swift; path = ScoreTableViewCell.swift; sourceTree = "<group>"; };
		39327EE32A8CC45D0067F9ED /* ScoreModel.swift */ = {isa = PBXFileReference; lastKnownFileType = sourcecode.swift; path = ScoreModel.swift; sourceTree = "<group>"; };
		39327EE52A8CC9D70067F9ED /* SettigsViewController.swift */ = {isa = PBXFileReference; lastKnownFileType = sourcecode.swift; path = SettigsViewController.swift; sourceTree = "<group>"; };
		39327F0F2A8E3DF20067F9ED /* CollectionViewCell.swift */ = {isa = PBXFileReference; lastKnownFileType = sourcecode.swift; path = CollectionViewCell.swift; sourceTree = "<group>"; };
/* End PBXFileReference section */

/* Begin PBXFrameworksBuildPhase section */
		39327EBC2A8B97FB0067F9ED /* Frameworks */ = {
			isa = PBXFrameworksBuildPhase;
			buildActionMask = 2147483647;
			files = (
			);
			runOnlyForDeploymentPostprocessing = 0;
		};
/* End PBXFrameworksBuildPhase section */

/* Begin PBXGroup section */
		39327EB62A8B97FB0067F9ED = {
			isa = PBXGroup;
			children = (
				39327EC12A8B97FB0067F9ED /* SpaceShipGameUIKit */,
				39327EC02A8B97FB0067F9ED /* Products */,
			);
			sourceTree = "<group>";
		};
		39327EC02A8B97FB0067F9ED /* Products */ = {
			isa = PBXGroup;
			children = (
				39327EBF2A8B97FB0067F9ED /* SpaceShipGameUIKit.app */,
			);
			name = Products;
			sourceTree = "<group>";
		};
		39327EC12A8B97FB0067F9ED /* SpaceShipGameUIKit */ = {
			isa = PBXGroup;
			children = (
				39327EC22A8B97FB0067F9ED /* AppDelegate.swift */,
				39327EDB2A8B9B550067F9ED /* Starfield.sks */,
				39327EC82A8B97FB0067F9ED /* GameScene.swift */,
				39327ECA2A8B97FB0067F9ED /* GameViewController.swift */,
				39327ED92A8B98C50067F9ED /* WelcomeViewController.swift */,
				39327EDF2A8CC4060067F9ED /* ScoreTableViewController.swift */,
				39327EE52A8CC9D70067F9ED /* SettigsViewController.swift */,
				39327F0F2A8E3DF20067F9ED /* CollectionViewCell.swift */,
				39327EE32A8CC45D0067F9ED /* ScoreModel.swift */,
				39327EE12A8CC4440067F9ED /* ScoreTableViewCell.swift */,
				39327ECF2A8B97FF0067F9ED /* Assets.xcassets */,
			);
			path = SpaceShipGameUIKit;
			sourceTree = "<group>";
		};
/* End PBXGroup section */

/* Begin PBXNativeTarget section */
		39327EBE2A8B97FB0067F9ED /* SpaceShipGameUIKit */ = {
			isa = PBXNativeTarget;
			buildConfigurationList = 39327ED62A8B97FF0067F9ED /* Build configuration list for PBXNativeTarget "SpaceShipGameUIKit" */;
			buildPhases = (
				39327EBB2A8B97FB0067F9ED /* Sources */,
				39327EBC2A8B97FB0067F9ED /* Frameworks */,
				39327EBD2A8B97FB0067F9ED /* Resources */,
			);
			buildRules = (
			);
			dependencies = (
			);
			name = SpaceShipGameUIKit;
			productName = SpaceShipGameUIKit;
			productReference = 39327EBF2A8B97FB0067F9ED /* SpaceShipGameUIKit.app */;
			productType = "com.apple.product-type.application";
		};
/* End PBXNativeTarget section */

/* Begin PBXProject section */
		39327EB72A8B97FB0067F9ED /* Project object */ = {
			isa = PBXProject;
			attributes = {
				BuildIndependentTargetsInParallel = 1;
				LastSwiftUpdateCheck = 1320;
				LastUpgradeCheck = 1320;
				TargetAttributes = {
					39327EBE2A8B97FB0067F9ED = {
						CreatedOnToolsVersion = 13.2.1;
					};
				};
			};
			buildConfigurationList = 39327EBA2A8B97FB0067F9ED /* Build configuration list for PBXProject "SpaceShipGameUIKit" */;
			compatibilityVersion = "Xcode 13.0";
			developmentRegion = en;
			hasScannedForEncodings = 0;
			knownRegions = (
				en,
				Base,
			);
			mainGroup = 39327EB62A8B97FB0067F9ED;
			productRefGroup = 39327EC02A8B97FB0067F9ED /* Products */;
			projectDirPath = "";
			projectRoot = "";
			targets = (
				39327EBE2A8B97FB0067F9ED /* SpaceShipGameUIKit */,
			);
		};
/* End PBXProject section */

/* Begin PBXResourcesBuildPhase section */
		39327EBD2A8B97FB0067F9ED /* Resources */ = {
			isa = PBXResourcesBuildPhase;
			buildActionMask = 2147483647;
			files = (
				39327ED02A8B97FF0067F9ED /* Assets.xcassets in Resources */,
				39327EDC2A8B9B550067F9ED /* Starfield.sks in Resources */,
			);
			runOnlyForDeploymentPostprocessing = 0;
		};
/* End PBXResourcesBuildPhase section */

/* Begin PBXSourcesBuildPhase section */
		39327EBB2A8B97FB0067F9ED /* Sources */ = {
			isa = PBXSourcesBuildPhase;
			buildActionMask = 2147483647;
			files = (
				39327EE62A8CC9D70067F9ED /* SettigsViewController.swift in Sources */,
				39327EC92A8B97FB0067F9ED /* GameScene.swift in Sources */,
				39327F102A8E3DF20067F9ED /* CollectionViewCell.swift in Sources */,
				39327EDA2A8B98C50067F9ED /* WelcomeViewController.swift in Sources */,
				39327ECB2A8B97FB0067F9ED /* GameViewController.swift in Sources */,
				39327EE42A8CC45D0067F9ED /* ScoreModel.swift in Sources */,
				39327EE02A8CC4060067F9ED /* ScoreTableViewController.swift in Sources */,
				39327EE22A8CC4440067F9ED /* ScoreTableViewCell.swift in Sources */,
				39327EC32A8B97FB0067F9ED /* AppDelegate.swift in Sources */,
			);
			runOnlyForDeploymentPostprocessing = 0;
		};
/* End PBXSourcesBuildPhase section */

/* Begin XCBuildConfiguration section */
		39327ED42A8B97FF0067F9ED /* Debug */ = {
			isa = XCBuildConfiguration;
			buildSettings = {
				ALWAYS_SEARCH_USER_PATHS = NO;
				CLANG_ANALYZER_NONNULL = YES;
				CLANG_ANALYZER_NUMBER_OBJECT_CONVERSION = YES_AGGRESSIVE;
				CLANG_CXX_LANGUAGE_STANDARD = "gnu++17";
				CLANG_CXX_LIBRARY = "libc++";
				CLANG_ENABLE_MODULES = YES;
				CLANG_ENABLE_OBJC_ARC = YES;
				CLANG_ENABLE_OBJC_WEAK = YES;
				CLANG_WARN_BLOCK_CAPTURE_AUTORELEASING = YES;
				CLANG_WARN_BOOL_CONVERSION = YES;
				CLANG_WARN_COMMA = YES;
				CLANG_WARN_CONSTANT_CONVERSION = YES;
				CLANG_WARN_DEPRECATED_OBJC_IMPLEMENTATIONS = YES;
				CLANG_WARN_DIRECT_OBJC_ISA_USAGE = YES_ERROR;
				CLANG_WARN_DOCUMENTATION_COMMENTS = YES;
				CLANG_WARN_EMPTY_BODY = YES;
				CLANG_WARN_ENUM_CONVERSION = YES;
				CLANG_WARN_INFINITE_RECURSION = YES;
				CLANG_WARN_INT_CONVERSION = YES;
				CLANG_WARN_NON_LITERAL_NULL_CONVERSION = YES;
				CLANG_WARN_OBJC_IMPLICIT_RETAIN_SELF = YES;
				CLANG_WARN_OBJC_LITERAL_CONVERSION = YES;
				CLANG_WARN_OBJC_ROOT_CLASS = YES_ERROR;
				CLANG_WARN_QUOTED_INCLUDE_IN_FRAMEWORK_HEADER = YES;
				CLANG_WARN_RANGE_LOOP_ANALYSIS = YES;
				CLANG_WARN_STRICT_PROTOTYPES = YES;
				CLANG_WARN_SUSPICIOUS_MOVE = YES;
				CLANG_WARN_UNGUARDED_AVAILABILITY = YES_AGGRESSIVE;
				CLANG_WARN_UNREACHABLE_CODE = YES;
				CLANG_WARN__DUPLICATE_METHOD_MATCH = YES;
				COPY_PHASE_STRIP = NO;
				DEBUG_INFORMATION_FORMAT = dwarf;
				ENABLE_STRICT_OBJC_MSGSEND = YES;
				ENABLE_TESTABILITY = YES;
				GCC_C_LANGUAGE_STANDARD = gnu11;
				GCC_DYNAMIC_NO_PIC = NO;
				GCC_NO_COMMON_BLOCKS = YES;
				GCC_OPTIMIZATION_LEVEL = 0;
				GCC_PREPROCESSOR_DEFINITIONS = (
					"DEBUG=1",
					"$(inherited)",
				);
				GCC_WARN_64_TO_32_BIT_CONVERSION = YES;
				GCC_WARN_ABOUT_RETURN_TYPE = YES_ERROR;
				GCC_WARN_UNDECLARED_SELECTOR = YES;
				GCC_WARN_UNINITIALIZED_AUTOS = YES_AGGRESSIVE;
				GCC_WARN_UNUSED_FUNCTION = YES;
				GCC_WARN_UNUSED_VARIABLE = YES;
				IPHONEOS_DEPLOYMENT_TARGET = 15.2;
				MTL_ENABLE_DEBUG_INFO = INCLUDE_SOURCE;
				MTL_FAST_MATH = YES;
				ONLY_ACTIVE_ARCH = YES;
				SDKROOT = iphoneos;
				SWIFT_ACTIVE_COMPILATION_CONDITIONS = DEBUG;
				SWIFT_OPTIMIZATION_LEVEL = "-Onone";
			};
			name = Debug;
		};
		39327ED52A8B97FF0067F9ED /* Release */ = {
			isa = XCBuildConfiguration;
			buildSettings = {
				ALWAYS_SEARCH_USER_PATHS = NO;
				CLANG_ANALYZER_NONNULL = YES;
				CLANG_ANALYZER_NUMBER_OBJECT_CONVERSION = YES_AGGRESSIVE;
				CLANG_CXX_LANGUAGE_STANDARD = "gnu++17";
				CLANG_CXX_LIBRARY = "libc++";
				CLANG_ENABLE_MODULES = YES;
				CLANG_ENABLE_OBJC_ARC = YES;
				CLANG_ENABLE_OBJC_WEAK = YES;
				CLANG_WARN_BLOCK_CAPTURE_AUTORELEASING = YES;
				CLANG_WARN_BOOL_CONVERSION = YES;
				CLANG_WARN_COMMA = YES;
				CLANG_WARN_CONSTANT_CONVERSION = YES;
				CLANG_WARN_DEPRECATED_OBJC_IMPLEMENTATIONS = YES;
				CLANG_WARN_DIRECT_OBJC_ISA_USAGE = YES_ERROR;
				CLANG_WARN_DOCUMENTATION_COMMENTS = YES;
				CLANG_WARN_EMPTY_BODY = YES;
				CLANG_WARN_ENUM_CONVERSION = YES;
				CLANG_WARN_INFINITE_RECURSION = YES;
				CLANG_WARN_INT_CONVERSION = YES;
				CLANG_WARN_NON_LITERAL_NULL_CONVERSION = YES;
				CLANG_WARN_OBJC_IMPLICIT_RETAIN_SELF = YES;
				CLANG_WARN_OBJC_LITERAL_CONVERSION = YES;
				CLANG_WARN_OBJC_ROOT_CLASS = YES_ERROR;
				CLANG_WARN_QUOTED_INCLUDE_IN_FRAMEWORK_HEADER = YES;
				CLANG_WARN_RANGE_LOOP_ANALYSIS = YES;
				CLANG_WARN_STRICT_PROTOTYPES = YES;
				CLANG_WARN_SUSPICIOUS_MOVE = YES;
				CLANG_WARN_UNGUARDED_AVAILABILITY = YES_AGGRESSIVE;
				CLANG_WARN_UNREACHABLE_CODE = YES;
				CLANG_WARN__DUPLICATE_METHOD_MATCH = YES;
				COPY_PHASE_STRIP = NO;
				DEBUG_INFORMATION_FORMAT = "dwarf-with-dsym";
				ENABLE_NS_ASSERTIONS = NO;
				ENABLE_STRICT_OBJC_MSGSEND = YES;
				GCC_C_LANGUAGE_STANDARD = gnu11;
				GCC_NO_COMMON_BLOCKS = YES;
				GCC_WARN_64_TO_32_BIT_CONVERSION = YES;
				GCC_WARN_ABOUT_RETURN_TYPE = YES_ERROR;
				GCC_WARN_UNDECLARED_SELECTOR = YES;
				GCC_WARN_UNINITIALIZED_AUTOS = YES_AGGRESSIVE;
				GCC_WARN_UNUSED_FUNCTION = YES;
				GCC_WARN_UNUSED_VARIABLE = YES;
				IPHONEOS_DEPLOYMENT_TARGET = 15.2;
				MTL_ENABLE_DEBUG_INFO = NO;
				MTL_FAST_MATH = YES;
				SDKROOT = iphoneos;
				SWIFT_COMPILATION_MODE = wholemodule;
				SWIFT_OPTIMIZATION_LEVEL = "-O";
				VALIDATE_PRODUCT = YES;
			};
			name = Release;
		};
		39327ED72A8B97FF0067F9ED /* Debug */ = {
			isa = XCBuildConfiguration;
			buildSettings = {
				ASSETCATALOG_COMPILER_APPICON_NAME = AppIcon;
				ASSETCATALOG_COMPILER_GLOBAL_ACCENT_COLOR_NAME = AccentColor;
				CODE_SIGN_STYLE = Automatic;
				CURRENT_PROJECT_VERSION = 1;
				DEVELOPMENT_TEAM = A9J4WDMWF3;
				GENERATE_INFOPLIST_FILE = YES;
				INFOPLIST_KEY_UIApplicationSupportsIndirectInputEvents = YES;
				INFOPLIST_KEY_UILaunchStoryboardName = LaunchScreen;
				INFOPLIST_KEY_UIStatusBarHidden = YES;
				INFOPLIST_KEY_UISupportedInterfaceOrientations = UIInterfaceOrientationPortrait;
				INFOPLIST_KEY_UISupportedInterfaceOrientations_iPad = "UIInterfaceOrientationPortrait UIInterfaceOrientationPortraitUpsideDown UIInterfaceOrientationLandscapeLeft UIInterfaceOrientationLandscapeRight";
				INFOPLIST_KEY_UISupportedInterfaceOrientations_iPhone = "UIInterfaceOrientationPortrait UIInterfaceOrientationLandscapeLeft UIInterfaceOrientationLandscapeRight";
				LD_RUNPATH_SEARCH_PATHS = (
					"$(inherited)",
					"@executable_path/Frameworks",
				);
				MARKETING_VERSION = 1.0;
				PRODUCT_BUNDLE_IDENTIFIER = bulatKamalov.SpaceShipGameUIKit;
				PRODUCT_NAME = "$(TARGET_NAME)";
				SWIFT_EMIT_LOC_STRINGS = YES;
				SWIFT_VERSION = 5.0;
				TARGETED_DEVICE_FAMILY = 1;
			};
			name = Debug;
		};
		39327ED82A8B97FF0067F9ED /* Release */ = {
			isa = XCBuildConfiguration;
			buildSettings = {
				ASSETCATALOG_COMPILER_APPICON_NAME = AppIcon;
				ASSETCATALOG_COMPILER_GLOBAL_ACCENT_COLOR_NAME = AccentColor;
				CODE_SIGN_STYLE = Automatic;
				CURRENT_PROJECT_VERSION = 1;
				DEVELOPMENT_TEAM = A9J4WDMWF3;
				GENERATE_INFOPLIST_FILE = YES;
				INFOPLIST_KEY_UIApplicationSupportsIndirectInputEvents = YES;
				INFOPLIST_KEY_UILaunchStoryboardName = LaunchScreen;
				INFOPLIST_KEY_UIStatusBarHidden = YES;
				INFOPLIST_KEY_UISupportedInterfaceOrientations = UIInterfaceOrientationPortrait;
				INFOPLIST_KEY_UISupportedInterfaceOrientations_iPad = "UIInterfaceOrientationPortrait UIInterfaceOrientationPortraitUpsideDown UIInterfaceOrientationLandscapeLeft UIInterfaceOrientationLandscapeRight";
				INFOPLIST_KEY_UISupportedInterfaceOrientations_iPhone = "UIInterfaceOrientationPortrait UIInterfaceOrientationLandscapeLeft UIInterfaceOrientationLandscapeRight";
				LD_RUNPATH_SEARCH_PATHS = (
					"$(inherited)",
					"@executable_path/Frameworks",
				);
				MARKETING_VERSION = 1.0;
				PRODUCT_BUNDLE_IDENTIFIER = bulatKamalov.SpaceShipGameUIKit;
				PRODUCT_NAME = "$(TARGET_NAME)";
				SWIFT_EMIT_LOC_STRINGS = YES;
				SWIFT_VERSION = 5.0;
				TARGETED_DEVICE_FAMILY = 1;
			};
			name = Release;
		};
/* End XCBuildConfiguration section */

/* Begin XCConfigurationList section */
		39327EBA2A8B97FB0067F9ED /* Build configuration list for PBXProject "SpaceShipGameUIKit" */ = {
			isa = XCConfigurationList;
			buildConfigurations = (
				39327ED42A8B97FF0067F9ED /* Debug */,
				39327ED52A8B97FF0067F9ED /* Release */,
			);
			defaultConfigurationIsVisible = 0;
			defaultConfigurationName = Release;
		};
		39327ED62A8B97FF0067F9ED /* Build configuration list for PBXNativeTarget "SpaceShipGameUIKit" */ = {
			isa = XCConfigurationList;
			buildConfigurations = (
				39327ED72A8B97FF0067F9ED /* Debug */,
				39327ED82A8B97FF0067F9ED /* Release */,
			);
			defaultConfigurationIsVisible = 0;
			defaultConfigurationName = Release;
		};
/* End XCConfigurationList section */
	};
	rootObject = 39327EB72A8B97FB0067F9ED /* Project object */;
}
